
Microsoft Visual Studio Solution File, Format Version 12.00
# Visual Studio Version 17
VisualStudioVersion = 17.1.31911.260
MinimumVisualStudioVersion = 10.0.40219.1
Project("{FAE04EC0-301F-11D3-BF4B-00C04F79EFBC}") = "EducationCenterUoW.Api", "EducationCenterUoW.Api\EducationCenterUoW.Api.csproj", "{9890A5AB-894C-4F9F-B383-D9DB605036CE}"
EndProject
Project("{FAE04EC0-301F-11D3-BF4B-00C04F79EFBC}") = "EducationCenterUoW.Domain", "EducationCenterUoW.Domain\EducationCenterUoW.Domain.csproj", "{A7FF7378-43D6-4245-8AFD-040726018A77}"
EndProject
Project("{FAE04EC0-301F-11D3-BF4B-00C04F79EFBC}") = "EducationCenterUoW.Service", "EducationCenterUoW.Service\EducationCenterUoW.Service.csproj", "{F9247522-529D-49A0-85CE-B742CAD78D68}"
EndProject
Project("{FAE04EC0-301F-11D3-BF4B-00C04F79EFBC}") = "EducationCenterUoW.Data", "EducationCenterUoW.Data\EducationCenterUoW.Data.csproj", "{94609FF4-2619-4FB9-88BC-CEDC0EBDBC05}"
EndProject
Global
	GlobalSection(SolutionConfigurationPlatforms) = preSolution
		Debug|Any CPU = Debug|Any CPU
		Release|Any CPU = Release|Any CPU
	EndGlobalSection
	GlobalSection(ProjectConfigurationPlatforms) = postSolution
		{9890A5AB-894C-4F9F-B383-D9DB605036CE}.Debug|Any CPU.ActiveCfg = Debug|Any CPU
		{9890A5AB-894C-4F9F-B383-D9DB605036CE}.Debug|Any CPU.Build.0 = Debug|Any CPU
		{9890A5AB-894C-4F9F-B383-D9DB605036CE}.Release|Any CPU.ActiveCfg = Release|Any CPU
		{9890A5AB-894C-4F9F-B383-D9DB605036CE}.Release|Any CPU.Build.0 = Release|Any CPU
		{A7FF7378-43D6-4245-8AFD-040726018A77}.Debug|Any CPU.ActiveCfg = Debug|Any CPU
		{A7FF7378-43D6-4245-8AFD-040726018A77}.Debug|Any CPU.Build.0 = Debug|Any CPU
		{A7FF7378-43D6-4245-8AFD-040726018A77}.Release|Any CPU.ActiveCfg = Release|Any CPU
		{A7FF7378-43D6-4245-8AFD-040726018A77}.Release|Any CPU.Build.0 = Release|Any CPU
		{F9247522-529D-49A0-85CE-B742CAD78D68}.Debug|Any CPU.ActiveCfg = Debug|Any CPU
		{F9247522-529D-49A0-85CE-B742CAD78D68}.Debug|Any CPU.Build.0 = Debug|Any CPU
		{F9247522-529D-49A0-85CE-B742CAD78D68}.Release|Any CPU.ActiveCfg = Release|Any CPU
		{F9247522-529D-49A0-85CE-B742CAD78D68}.Release|Any CPU.Build.0 = Release|Any CPU
		{94609FF4-2619-4FB9-88BC-CEDC0EBDBC05}.Debug|Any CPU.ActiveCfg = Debug|Any CPU
		{94609FF4-2619-4FB9-88BC-CEDC0EBDBC05}.Debug|Any CPU.Build.0 = Debug|Any CPU
		{94609FF4-2619-4FB9-88BC-CEDC0EBDBC05}.Release|Any CPU.ActiveCfg = Release|Any CPU
		{94609FF4-2619-4FB9-88BC-CEDC0EBDBC05}.Release|Any CPU.Build.0 = Release|Any CPU
	EndGlobalSection
	GlobalSection(SolutionProperties) = preSolution
		HideSolutionNode = FALSE
	EndGlobalSection
	GlobalSection(ExtensibilityGlobals) = postSolution
		SolutionGuid = {C59CFFBA-04C8-44E9-B1F8-0FCEC423E987}
	EndGlobalSection
EndGlobal
